
Microsoft Visual Studio Solution File, Format Version 12.00
# Visual Studio Version 17
VisualStudioVersion = 17.0.32014.148
MinimumVisualStudioVersion = 10.0.40219.1
Project("{FAE04EC0-301F-11D3-BF4B-00C04F79EFBC}") = "SpriteGenerator", "SpriteGenerator.csproj", "{88DF5FE3-3227-4A67-9BD5-E2CA8389B82D}"
EndProject
Global
	GlobalSection(SolutionConfigurationPlatforms) = preSolution
		Debug|Any CPU = Debug|Any CPU
		Release|Any CPU = Release|Any CPU
	EndGlobalSection
	GlobalSection(ProjectConfigurationPlatforms) = postSolution
		{88DF5FE3-3227-4A67-9BD5-E2CA8389B82D}.Debug|Any CPU.ActiveCfg = Debug|Any CPU
		{88DF5FE3-3227-4A67-9BD5-E2CA8389B82D}.Debug|Any CPU.Build.0 = Debug|Any CPU
		{88DF5FE3-3227-4A67-9BD5-E2CA8389B82D}.Release|Any CPU.ActiveCfg = Release|Any CPU
		{88DF5FE3-3227-4A67-9BD5-E2CA8389B82D}.Release|Any CPU.Build.0 = Release|Any CPU
	EndGlobalSection
	GlobalSection(SolutionProperties) = preSolution
		HideSolutionNode = FALSE
	EndGlobalSection
	GlobalSection(ExtensibilityGlobals) = postSolution
		SolutionGuid = {1B69C6C9-4E35-48A9-8E4E-DC8EB76222BD}
	EndGlobalSection
EndGlobal
